// !$*UTF8*$!
{
	archiveVersion = 1;
	classes = {
	};
	objectVersion = 50;
	objects = {

/* Begin PBXBuildFile section */
		7D7AC3612363B6BF007EA31B /* CircleButton.swift in Sources */ = {isa = PBXBuildFile; fileRef = 7D7AC3602363B6BF007EA31B /* CircleButton.swift */; };
		7D7D5AF123638D9100B345FB /* AppDelegate.swift in Sources */ = {isa = PBXBuildFile; fileRef = 7D7D5AF023638D9100B345FB /* AppDelegate.swift */; };
		7D7D5AF323638D9100B345FB /* SceneDelegate.swift in Sources */ = {isa = PBXBuildFile; fileRef = 7D7D5AF223638D9100B345FB /* SceneDelegate.swift */; };
		7D7D5AF523638D9100B345FB /* PomodoroViewController.swift in Sources */ = {isa = PBXBuildFile; fileRef = 7D7D5AF423638D9100B345FB /* PomodoroViewController.swift */; };
		7D7D5AF823638D9100B345FB /* Main.storyboard in Resources */ = {isa = PBXBuildFile; fileRef = 7D7D5AF623638D9100B345FB /* Main.storyboard */; };
		7D7D5AFA23638D9100B345FB /* Assets.xcassets in Resources */ = {isa = PBXBuildFile; fileRef = 7D7D5AF923638D9100B345FB /* Assets.xcassets */; };
		7D7D5B0823638D9100B345FB /* SimplePomodoroTests.swift in Sources */ = {isa = PBXBuildFile; fileRef = 7D7D5B0723638D9100B345FB /* SimplePomodoroTests.swift */; };
		7D7D5B1323638D9100B345FB /* SimplePomodoroUITests.swift in Sources */ = {isa = PBXBuildFile; fileRef = 7D7D5B1223638D9100B345FB /* SimplePomodoroUITests.swift */; };
		7DE21B7523677B3D0077AB78 /* SettingsTableViewController.swift in Sources */ = {isa = PBXBuildFile; fileRef = 7DE21B7423677B3D0077AB78 /* SettingsTableViewController.swift */; };
		7DE21B7923678CEE0077AB78 /* LaunchScreen.storyboard in Resources */ = {isa = PBXBuildFile; fileRef = 7DE21B7723678CEE0077AB78 /* LaunchScreen.storyboard */; };
/* End PBXBuildFile section */

/* Begin PBXContainerItemProxy section */
		7D7D5B0423638D9100B345FB /* PBXContainerItemProxy */ = {
			isa = PBXContainerItemProxy;
			containerPortal = 7D7D5AE523638D9100B345FB /* Project object */;
			proxyType = 1;
			remoteGlobalIDString = 7D7D5AEC23638D9100B345FB;
			remoteInfo = SimplePomodoro;
		};
		7D7D5B0F23638D9100B345FB /* PBXContainerItemProxy */ = {
			isa = PBXContainerItemProxy;
			containerPortal = 7D7D5AE523638D9100B345FB /* Project object */;
			proxyType = 1;
			remoteGlobalIDString = 7D7D5AEC23638D9100B345FB;
			remoteInfo = SimplePomodoro;
		};
/* End PBXContainerItemProxy section */

/* Begin PBXFileReference section */
		7D7AC3602363B6BF007EA31B /* CircleButton.swift */ = {isa = PBXFileReference; lastKnownFileType = sourcecode.swift; path = CircleButton.swift; sourceTree = "<group>"; };
		7D7D5AED23638D9100B345FB /* SimplePomodoro.app */ = {isa = PBXFileReference; explicitFileType = wrapper.application; includeInIndex = 0; path = SimplePomodoro.app; sourceTree = BUILT_PRODUCTS_DIR; };
		7D7D5AF023638D9100B345FB /* AppDelegate.swift */ = {isa = PBXFileReference; lastKnownFileType = sourcecode.swift; path = AppDelegate.swift; sourceTree = "<group>"; };
		7D7D5AF223638D9100B345FB /* SceneDelegate.swift */ = {isa = PBXFileReference; lastKnownFileType = sourcecode.swift; path = SceneDelegate.swift; sourceTree = "<group>"; };
		7D7D5AF423638D9100B345FB /* PomodoroViewController.swift */ = {isa = PBXFileReference; lastKnownFileType = sourcecode.swift; path = PomodoroViewController.swift; sourceTree = "<group>"; };
		7D7D5AF723638D9100B345FB /* Base */ = {isa = PBXFileReference; lastKnownFileType = file.storyboard; name = Base; path = Base.lproj/Main.storyboard; sourceTree = "<group>"; };
		7D7D5AF923638D9100B345FB /* Assets.xcassets */ = {isa = PBXFileReference; lastKnownFileType = folder.assetcatalog; path = Assets.xcassets; sourceTree = "<group>"; };
		7D7D5AFE23638D9100B345FB /* Info.plist */ = {isa = PBXFileReference; lastKnownFileType = text.plist.xml; path = Info.plist; sourceTree = "<group>"; };
		7D7D5B0323638D9100B345FB /* SimplePomodoroTests.xctest */ = {isa = PBXFileReference; explicitFileType = wrapper.cfbundle; includeInIndex = 0; path = SimplePomodoroTests.xctest; sourceTree = BUILT_PRODUCTS_DIR; };
		7D7D5B0723638D9100B345FB /* SimplePomodoroTests.swift */ = {isa = PBXFileReference; lastKnownFileType = sourcecode.swift; path = SimplePomodoroTests.swift; sourceTree = "<group>"; };
		7D7D5B0923638D9100B345FB /* Info.plist */ = {isa = PBXFileReference; lastKnownFileType = text.plist.xml; path = Info.plist; sourceTree = "<group>"; };
		7D7D5B0E23638D9100B345FB /* SimplePomodoroUITests.xctest */ = {isa = PBXFileReference; explicitFileType = wrapper.cfbundle; includeInIndex = 0; path = SimplePomodoroUITests.xctest; sourceTree = BUILT_PRODUCTS_DIR; };
		7D7D5B1223638D9100B345FB /* SimplePomodoroUITests.swift */ = {isa = PBXFileReference; lastKnownFileType = sourcecode.swift; path = SimplePomodoroUITests.swift; sourceTree = "<group>"; };
		7D7D5B1423638D9100B345FB /* Info.plist */ = {isa = PBXFileReference; lastKnownFileType = text.plist.xml; path = Info.plist; sourceTree = "<group>"; };
		7DE21B7423677B3D0077AB78 /* SettingsTableViewController.swift */ = {isa = PBXFileReference; lastKnownFileType = sourcecode.swift; path = SettingsTableViewController.swift; sourceTree = "<group>"; };
		7DE21B7823678CEE0077AB78 /* Base */ = {isa = PBXFileReference; lastKnownFileType = file.storyboard; name = Base; path = SimplePomodoro/Base.lproj/LaunchScreen.storyboard; sourceTree = "<group>"; };
/* End PBXFileReference section */

/* Begin PBXFrameworksBuildPhase section */
		7D7D5AEA23638D9100B345FB /* Frameworks */ = {
			isa = PBXFrameworksBuildPhase;
			buildActionMask = 2147483647;
			files = (
			);
			runOnlyForDeploymentPostprocessing = 0;
		};
		7D7D5B0023638D9100B345FB /* Frameworks */ = {
			isa = PBXFrameworksBuildPhase;
			buildActionMask = 2147483647;
			files = (
			);
			runOnlyForDeploymentPostprocessing = 0;
		};
		7D7D5B0B23638D9100B345FB /* Frameworks */ = {
			isa = PBXFrameworksBuildPhase;
			buildActionMask = 2147483647;
			files = (
			);
			runOnlyForDeploymentPostprocessing = 0;
		};
/* End PBXFrameworksBuildPhase section */

/* Begin PBXGroup section */
		7D7D5AE423638D9100B345FB = {
			isa = PBXGroup;
			children = (
				7D7D5AEF23638D9100B345FB /* SimplePomodoro */,
				7D7D5B0623638D9100B345FB /* SimplePomodoroTests */,
				7D7D5B1123638D9100B345FB /* SimplePomodoroUITests */,
				7D7D5AEE23638D9100B345FB /* Products */,
			);
			sourceTree = "<group>";
		};
		7D7D5AEE23638D9100B345FB /* Products */ = {
			isa = PBXGroup;
			children = (
				7D7D5AED23638D9100B345FB /* SimplePomodoro.app */,
				7D7D5B0323638D9100B345FB /* SimplePomodoroTests.xctest */,
				7D7D5B0E23638D9100B345FB /* SimplePomodoroUITests.xctest */,
			);
			name = Products;
			sourceTree = "<group>";
		};
		7D7D5AEF23638D9100B345FB /* SimplePomodoro */ = {
			isa = PBXGroup;
			children = (
				7DE21B7623678CB10077AB78 /* Controls */,
				7DE21B7A23678D480077AB78 /* Storyboards */,
				7DE21B7323677B1E0077AB78 /* View Controllers */,
				7D7D5AF023638D9100B345FB /* AppDelegate.swift */,
				7D7D5AF223638D9100B345FB /* SceneDelegate.swift */,
				7D7D5AF923638D9100B345FB /* Assets.xcassets */,
				7D7D5AFE23638D9100B345FB /* Info.plist */,
			);
			path = SimplePomodoro;
			sourceTree = "<group>";
		};
		7D7D5B0623638D9100B345FB /* SimplePomodoroTests */ = {
			isa = PBXGroup;
			children = (
				7D7D5B0723638D9100B345FB /* SimplePomodoroTests.swift */,
				7D7D5B0923638D9100B345FB /* Info.plist */,
			);
			path = SimplePomodoroTests;
			sourceTree = "<group>";
		};
		7D7D5B1123638D9100B345FB /* SimplePomodoroUITests */ = {
			isa = PBXGroup;
			children = (
				7D7D5B1223638D9100B345FB /* SimplePomodoroUITests.swift */,
				7D7D5B1423638D9100B345FB /* Info.plist */,
			);
			path = SimplePomodoroUITests;
			sourceTree = "<group>";
		};
		7DE21B7323677B1E0077AB78 /* View Controllers */ = {
			isa = PBXGroup;
			children = (
				7D7D5AF423638D9100B345FB /* PomodoroViewController.swift */,
				7DE21B7423677B3D0077AB78 /* SettingsTableViewController.swift */,
			);
			path = "View Controllers";
			sourceTree = "<group>";
		};
		7DE21B7623678CB10077AB78 /* Controls */ = {
			isa = PBXGroup;
			children = (
				7D7AC3602363B6BF007EA31B /* CircleButton.swift */,
			);
			path = Controls;
			sourceTree = "<group>";
		};
		7DE21B7A23678D480077AB78 /* Storyboards */ = {
			isa = PBXGroup;
			children = (
				7DE21B7723678CEE0077AB78 /* LaunchScreen.storyboard */,
				7D7D5AF623638D9100B345FB /* Main.storyboard */,
			);
			path = Storyboards;
			sourceTree = "<group>";
		};
/* End PBXGroup section */

/* Begin PBXNativeTarget section */
		7D7D5AEC23638D9100B345FB /* SimplePomodoro */ = {
			isa = PBXNativeTarget;
			buildConfigurationList = 7D7D5B1723638D9100B345FB /* Build configuration list for PBXNativeTarget "SimplePomodoro" */;
			buildPhases = (
				7D7D5AE923638D9100B345FB /* Sources */,
				7D7D5AEA23638D9100B345FB /* Frameworks */,
				7D7D5AEB23638D9100B345FB /* Resources */,
			);
			buildRules = (
			);
			dependencies = (
			);
			name = SimplePomodoro;
			productName = SimplePomodoro;
			productReference = 7D7D5AED23638D9100B345FB /* SimplePomodoro.app */;
			productType = "com.apple.product-type.application";
		};
		7D7D5B0223638D9100B345FB /* SimplePomodoroTests */ = {
			isa = PBXNativeTarget;
			buildConfigurationList = 7D7D5B1A23638D9100B345FB /* Build configuration list for PBXNativeTarget "SimplePomodoroTests" */;
			buildPhases = (
				7D7D5AFF23638D9100B345FB /* Sources */,
				7D7D5B0023638D9100B345FB /* Frameworks */,
				7D7D5B0123638D9100B345FB /* Resources */,
			);
			buildRules = (
			);
			dependencies = (
				7D7D5B0523638D9100B345FB /* PBXTargetDependency */,
			);
			name = SimplePomodoroTests;
			productName = SimplePomodoroTests;
			productReference = 7D7D5B0323638D9100B345FB /* SimplePomodoroTests.xctest */;
			productType = "com.apple.product-type.bundle.unit-test";
		};
		7D7D5B0D23638D9100B345FB /* SimplePomodoroUITests */ = {
			isa = PBXNativeTarget;
			buildConfigurationList = 7D7D5B1D23638D9100B345FB /* Build configuration list for PBXNativeTarget "SimplePomodoroUITests" */;
			buildPhases = (
				7D7D5B0A23638D9100B345FB /* Sources */,
				7D7D5B0B23638D9100B345FB /* Frameworks */,
				7D7D5B0C23638D9100B345FB /* Resources */,
			);
			buildRules = (
			);
			dependencies = (
				7D7D5B1023638D9100B345FB /* PBXTargetDependency */,
			);
			name = SimplePomodoroUITests;
			productName = SimplePomodoroUITests;
			productReference = 7D7D5B0E23638D9100B345FB /* SimplePomodoroUITests.xctest */;
			productType = "com.apple.product-type.bundle.ui-testing";
		};
/* End PBXNativeTarget section */

/* Begin PBXProject section */
		7D7D5AE523638D9100B345FB /* Project object */ = {
			isa = PBXProject;
			attributes = {
				LastSwiftUpdateCheck = 1110;
				LastUpgradeCheck = 1110;
				ORGANIZATIONNAME = "Max Q Software LLC";
				TargetAttributes = {
					7D7D5AEC23638D9100B345FB = {
						CreatedOnToolsVersion = 11.1;
					};
					7D7D5B0223638D9100B345FB = {
						CreatedOnToolsVersion = 11.1;
						TestTargetID = 7D7D5AEC23638D9100B345FB;
					};
					7D7D5B0D23638D9100B345FB = {
						CreatedOnToolsVersion = 11.1;
						TestTargetID = 7D7D5AEC23638D9100B345FB;
					};
				};
			};
			buildConfigurationList = 7D7D5AE823638D9100B345FB /* Build configuration list for PBXProject "SimplePomodoro" */;
			compatibilityVersion = "Xcode 9.3";
			developmentRegion = en;
			hasScannedForEncodings = 0;
			knownRegions = (
				en,
				Base,
			);
			mainGroup = 7D7D5AE423638D9100B345FB;
			productRefGroup = 7D7D5AEE23638D9100B345FB /* Products */;
			projectDirPath = "";
			projectRoot = "";
			targets = (
				7D7D5AEC23638D9100B345FB /* SimplePomodoro */,
				7D7D5B0223638D9100B345FB /* SimplePomodoroTests */,
				7D7D5B0D23638D9100B345FB /* SimplePomodoroUITests */,
			);
		};
/* End PBXProject section */

/* Begin PBXResourcesBuildPhase section */
		7D7D5AEB23638D9100B345FB /* Resources */ = {
			isa = PBXResourcesBuildPhase;
			buildActionMask = 2147483647;
			files = (
				7DE21B7923678CEE0077AB78 /* LaunchScreen.storyboard in Resources */,
				7D7D5AFA23638D9100B345FB /* Assets.xcassets in Resources */,
				7D7D5AF823638D9100B345FB /* Main.storyboard in Resources */,
			);
			runOnlyForDeploymentPostprocessing = 0;
		};
		7D7D5B0123638D9100B345FB /* Resources */ = {
			isa = PBXResourcesBuildPhase;
			buildActionMask = 2147483647;
			files = (
			);
			runOnlyForDeploymentPostprocessing = 0;
		};
		7D7D5B0C23638D9100B345FB /* Resources */ = {
			isa = PBXResourcesBuildPhase;
			buildActionMask = 2147483647;
			files = (
			);
			runOnlyForDeploymentPostprocessing = 0;
		};
/* End PBXResourcesBuildPhase section */

/* Begin PBXSourcesBuildPhase section */
		7D7D5AE923638D9100B345FB /* Sources */ = {
			isa = PBXSourcesBuildPhase;
			buildActionMask = 2147483647;
			files = (
				7D7AC3612363B6BF007EA31B /* CircleButton.swift in Sources */,
				7D7D5AF523638D9100B345FB /* PomodoroViewController.swift in Sources */,
				7DE21B7523677B3D0077AB78 /* SettingsTableViewController.swift in Sources */,
				7D7D5AF123638D9100B345FB /* AppDelegate.swift in Sources */,
				7D7D5AF323638D9100B345FB /* SceneDelegate.swift in Sources */,
			);
			runOnlyForDeploymentPostprocessing = 0;
		};
		7D7D5AFF23638D9100B345FB /* Sources */ = {
			isa = PBXSourcesBuildPhase;
			buildActionMask = 2147483647;
			files = (
				7D7D5B0823638D9100B345FB /* SimplePomodoroTests.swift in Sources */,
			);
			runOnlyForDeploymentPostprocessing = 0;
		};
		7D7D5B0A23638D9100B345FB /* Sources */ = {
			isa = PBXSourcesBuildPhase;
			buildActionMask = 2147483647;
			files = (
				7D7D5B1323638D9100B345FB /* SimplePomodoroUITests.swift in Sources */,
			);
			runOnlyForDeploymentPostprocessing = 0;
		};
/* End PBXSourcesBuildPhase section */

/* Begin PBXTargetDependency section */
		7D7D5B0523638D9100B345FB /* PBXTargetDependency */ = {
			isa = PBXTargetDependency;
			target = 7D7D5AEC23638D9100B345FB /* SimplePomodoro */;
			targetProxy = 7D7D5B0423638D9100B345FB /* PBXContainerItemProxy */;
		};
		7D7D5B1023638D9100B345FB /* PBXTargetDependency */ = {
			isa = PBXTargetDependency;
			target = 7D7D5AEC23638D9100B345FB /* SimplePomodoro */;
			targetProxy = 7D7D5B0F23638D9100B345FB /* PBXContainerItemProxy */;
		};
/* End PBXTargetDependency section */

/* Begin PBXVariantGroup section */
		7D7D5AF623638D9100B345FB /* Main.storyboard */ = {
			isa = PBXVariantGroup;
			children = (
				7D7D5AF723638D9100B345FB /* Base */,
			);
			name = Main.storyboard;
			sourceTree = "<group>";
		};
		7DE21B7723678CEE0077AB78 /* LaunchScreen.storyboard */ = {
			isa = PBXVariantGroup;
			children = (
				7DE21B7823678CEE0077AB78 /* Base */,
			);
			name = LaunchScreen.storyboard;
			sourceTree = "<group>";
		};
/* End PBXVariantGroup section */

/* Begin XCBuildConfiguration section */
		7D7D5B1523638D9100B345FB /* Debug */ = {
			isa = XCBuildConfiguration;
			buildSettings = {
				ALWAYS_SEARCH_USER_PATHS = NO;
				CLANG_ANALYZER_NONNULL = YES;
				CLANG_ANALYZER_NUMBER_OBJECT_CONVERSION = YES_AGGRESSIVE;
				CLANG_CXX_LANGUAGE_STANDARD = "gnu++14";
				CLANG_CXX_LIBRARY = "libc++";
				CLANG_ENABLE_MODULES = YES;
				CLANG_ENABLE_OBJC_ARC = YES;
				CLANG_ENABLE_OBJC_WEAK = YES;
				CLANG_WARN_BLOCK_CAPTURE_AUTORELEASING = YES;
				CLANG_WARN_BOOL_CONVERSION = YES;
				CLANG_WARN_COMMA = YES;
				CLANG_WARN_CONSTANT_CONVERSION = YES;
				CLANG_WARN_DEPRECATED_OBJC_IMPLEMENTATIONS = YES;
				CLANG_WARN_DIRECT_OBJC_ISA_USAGE = YES_ERROR;
				CLANG_WARN_DOCUMENTATION_COMMENTS = YES;
				CLANG_WARN_EMPTY_BODY = YES;
				CLANG_WARN_ENUM_CONVERSION = YES;
				CLANG_WARN_INFINITE_RECURSION = YES;
				CLANG_WARN_INT_CONVERSION = YES;
				CLANG_WARN_NON_LITERAL_NULL_CONVERSION = YES;
				CLANG_WARN_OBJC_IMPLICIT_RETAIN_SELF = YES;
				CLANG_WARN_OBJC_LITERAL_CONVERSION = YES;
				CLANG_WARN_OBJC_ROOT_CLASS = YES_ERROR;
				CLANG_WARN_RANGE_LOOP_ANALYSIS = YES;
				CLANG_WARN_STRICT_PROTOTYPES = YES;
				CLANG_WARN_SUSPICIOUS_MOVE = YES;
				CLANG_WARN_UNGUARDED_AVAILABILITY = YES_AGGRESSIVE;
				CLANG_WARN_UNREACHABLE_CODE = YES;
				CLANG_WARN__DUPLICATE_METHOD_MATCH = YES;
				COPY_PHASE_STRIP = NO;
				DEBUG_INFORMATION_FORMAT = dwarf;
				ENABLE_STRICT_OBJC_MSGSEND = YES;
				ENABLE_TESTABILITY = YES;
				GCC_C_LANGUAGE_STANDARD = gnu11;
				GCC_DYNAMIC_NO_PIC = NO;
				GCC_NO_COMMON_BLOCKS = YES;
				GCC_OPTIMIZATION_LEVEL = 0;
				GCC_PREPROCESSOR_DEFINITIONS = (
					"DEBUG=1",
					"$(inherited)",
				);
				GCC_WARN_64_TO_32_BIT_CONVERSION = YES;
				GCC_WARN_ABOUT_RETURN_TYPE = YES_ERROR;
				GCC_WARN_UNDECLARED_SELECTOR = YES;
				GCC_WARN_UNINITIALIZED_AUTOS = YES_AGGRESSIVE;
				GCC_WARN_UNUSED_FUNCTION = YES;
				GCC_WARN_UNUSED_VARIABLE = YES;
				IPHONEOS_DEPLOYMENT_TARGET = 13.1;
				MTL_ENABLE_DEBUG_INFO = INCLUDE_SOURCE;
				MTL_FAST_MATH = YES;
				ONLY_ACTIVE_ARCH = YES;
				SDKROOT = iphoneos;
				SWIFT_ACTIVE_COMPILATION_CONDITIONS = DEBUG;
				SWIFT_OPTIMIZATION_LEVEL = "-Onone";
			};
			name = Debug;
		};
		7D7D5B1623638D9100B345FB /* Release */ = {
			isa = XCBuildConfiguration;
			buildSettings = {
				ALWAYS_SEARCH_USER_PATHS = NO;
				CLANG_ANALYZER_NONNULL = YES;
				CLANG_ANALYZER_NUMBER_OBJECT_CONVERSION = YES_AGGRESSIVE;
				CLANG_CXX_LANGUAGE_STANDARD = "gnu++14";
				CLANG_CXX_LIBRARY = "libc++";
				CLANG_ENABLE_MODULES = YES;
				CLANG_ENABLE_OBJC_ARC = YES;
				CLANG_ENABLE_OBJC_WEAK = YES;
				CLANG_WARN_BLOCK_CAPTURE_AUTORELEASING = YES;
				CLANG_WARN_BOOL_CONVERSION = YES;
				CLANG_WARN_COMMA = YES;
				CLANG_WARN_CONSTANT_CONVERSION = YES;
				CLANG_WARN_DEPRECATED_OBJC_IMPLEMENTATIONS = YES;
				CLANG_WARN_DIRECT_OBJC_ISA_USAGE = YES_ERROR;
				CLANG_WARN_DOCUMENTATION_COMMENTS = YES;
				CLANG_WARN_EMPTY_BODY = YES;
				CLANG_WARN_ENUM_CONVERSION = YES;
				CLANG_WARN_INFINITE_RECURSION = YES;
				CLANG_WARN_INT_CONVERSION = YES;
				CLANG_WARN_NON_LITERAL_NULL_CONVERSION = YES;
				CLANG_WARN_OBJC_IMPLICIT_RETAIN_SELF = YES;
				CLANG_WARN_OBJC_LITERAL_CONVERSION = YES;
				CLANG_WARN_OBJC_ROOT_CLASS = YES_ERROR;
				CLANG_WARN_RANGE_LOOP_ANALYSIS = YES;
				CLANG_WARN_STRICT_PROTOTYPES = YES;
				CLANG_WARN_SUSPICIOUS_MOVE = YES;
				CLANG_WARN_UNGUARDED_AVAILABILITY = YES_AGGRESSIVE;
				CLANG_WARN_UNREACHABLE_CODE = YES;
				CLANG_WARN__DUPLICATE_METHOD_MATCH = YES;
				COPY_PHASE_STRIP = NO;
				DEBUG_INFORMATION_FORMAT = "dwarf-with-dsym";
				ENABLE_NS_ASSERTIONS = NO;
				ENABLE_STRICT_OBJC_MSGSEND = YES;
				GCC_C_LANGUAGE_STANDARD = gnu11;
				GCC_NO_COMMON_BLOCKS = YES;
				GCC_WARN_64_TO_32_BIT_CONVERSION = YES;
				GCC_WARN_ABOUT_RETURN_TYPE = YES_ERROR;
				GCC_WARN_UNDECLARED_SELECTOR = YES;
				GCC_WARN_UNINITIALIZED_AUTOS = YES_AGGRESSIVE;
				GCC_WARN_UNUSED_FUNCTION = YES;
				GCC_WARN_UNUSED_VARIABLE = YES;
				IPHONEOS_DEPLOYMENT_TARGET = 13.1;
				MTL_ENABLE_DEBUG_INFO = NO;
				MTL_FAST_MATH = YES;
				SDKROOT = iphoneos;
				SWIFT_COMPILATION_MODE = wholemodule;
				SWIFT_OPTIMIZATION_LEVEL = "-O";
				VALIDATE_PRODUCT = YES;
			};
			name = Release;
		};
		7D7D5B1823638D9100B345FB /* Debug */ = {
			isa = XCBuildConfiguration;
			buildSettings = {
				ASSETCATALOG_COMPILER_APPICON_NAME = AppIcon;
				CODE_SIGN_STYLE = Automatic;
				DEVELOPMENT_TEAM = V74XQ3CF3T;
				INFOPLIST_FILE = SimplePomodoro/Info.plist;
				IPHONEOS_DEPLOYMENT_TARGET = 13.0;
				LD_RUNPATH_SEARCH_PATHS = (
					"$(inherited)",
					"@executable_path/Frameworks",
				);
				PRODUCT_BUNDLE_IDENTIFIER = com.maxqsoftware.SimplePomodoro;
				PRODUCT_NAME = "$(TARGET_NAME)";
				SWIFT_VERSION = 5.0;
				TARGETED_DEVICE_FAMILY = "1,2";
			};
			name = Debug;
		};
		7D7D5B1923638D9100B345FB /* Release */ = {
			isa = XCBuildConfiguration;
			buildSettings = {
				ASSETCATALOG_COMPILER_APPICON_NAME = AppIcon;
				CODE_SIGN_STYLE = Automatic;
				DEVELOPMENT_TEAM = V74XQ3CF3T;
				INFOPLIST_FILE = SimplePomodoro/Info.plist;
				IPHONEOS_DEPLOYMENT_TARGET = 13.0;
				LD_RUNPATH_SEARCH_PATHS = (
					"$(inherited)",
					"@executable_path/Frameworks",
				);
				PRODUCT_BUNDLE_IDENTIFIER = com.maxqsoftware.SimplePomodoro;
				PRODUCT_NAME = "$(TARGET_NAME)";
				SWIFT_VERSION = 5.0;
				TARGETED_DEVICE_FAMILY = "1,2";
			};
			name = Release;
		};
		7D7D5B1B23638D9100B345FB /* Debug */ = {
			isa = XCBuildConfiguration;
			buildSettings = {
				ALWAYS_EMBED_SWIFT_STANDARD_LIBRARIES = YES;
				BUNDLE_LOADER = "$(TEST_HOST)";
				CODE_SIGN_STYLE = Automatic;
				DEVELOPMENT_TEAM = V74XQ3CF3T;
				INFOPLIST_FILE = SimplePomodoroTests/Info.plist;
				IPHONEOS_DEPLOYMENT_TARGET = 13.1;
				LD_RUNPATH_SEARCH_PATHS = (
					"$(inherited)",
					"@executable_path/Frameworks",
					"@loader_path/Frameworks",
				);
				PRODUCT_BUNDLE_IDENTIFIER = com.maxqsoftware.SimplePomodoroTests;
				PRODUCT_NAME = "$(TARGET_NAME)";
				SWIFT_VERSION = 5.0;
				TARGETED_DEVICE_FAMILY = "1,2";
				TEST_HOST = "$(BUILT_PRODUCTS_DIR)/SimplePomodoro.app/SimplePomodoro";
			};
			name = Debug;
		};
		7D7D5B1C23638D9100B345FB /* Release */ = {
			isa = XCBuildConfiguration;
			buildSettings = {
				ALWAYS_EMBED_SWIFT_STANDARD_LIBRARIES = YES;
				BUNDLE_LOADER = "$(TEST_HOST)";
				CODE_SIGN_STYLE = Automatic;
				DEVELOPMENT_TEAM = V74XQ3CF3T;
				INFOPLIST_FILE = SimplePomodoroTests/Info.plist;
				IPHONEOS_DEPLOYMENT_TARGET = 13.1;
				LD_RUNPATH_SEARCH_PATHS = (
					"$(inherited)",
					"@executable_path/Frameworks",
					"@loader_path/Frameworks",
				);
				PRODUCT_BUNDLE_IDENTIFIER = com.maxqsoftware.SimplePomodoroTests;
				PRODUCT_NAME = "$(TARGET_NAME)";
				SWIFT_VERSION = 5.0;
				TARGETED_DEVICE_FAMILY = "1,2";
				TEST_HOST = "$(BUILT_PRODUCTS_DIR)/SimplePomodoro.app/SimplePomodoro";
			};
			name = Release;
		};
		7D7D5B1E23638D9100B345FB /* Debug */ = {
			isa = XCBuildConfiguration;
			buildSettings = {
				ALWAYS_EMBED_SWIFT_STANDARD_LIBRARIES = YES;
				CODE_SIGN_STYLE = Automatic;
				DEVELOPMENT_TEAM = V74XQ3CF3T;
				INFOPLIST_FILE = SimplePomodoroUITests/Info.plist;
				LD_RUNPATH_SEARCH_PATHS = (
					"$(inherited)",
					"@executable_path/Frameworks",
					"@loader_path/Frameworks",
				);
				PRODUCT_BUNDLE_IDENTIFIER = com.maxqsoftware.SimplePomodoroUITests;
				PRODUCT_NAME = "$(TARGET_NAME)";
				SWIFT_VERSION = 5.0;
				TARGETED_DEVICE_FAMILY = "1,2";
				TEST_TARGET_NAME = SimplePomodoro;
			};
			name = Debug;
		};
		7D7D5B1F23638D9100B345FB /* Release */ = {
			isa = XCBuildConfiguration;
			buildSettings = {
				ALWAYS_EMBED_SWIFT_STANDARD_LIBRARIES = YES;
				CODE_SIGN_STYLE = Automatic;
				DEVELOPMENT_TEAM = V74XQ3CF3T;
				INFOPLIST_FILE = SimplePomodoroUITests/Info.plist;
				LD_RUNPATH_SEARCH_PATHS = (
					"$(inherited)",
					"@executable_path/Frameworks",
					"@loader_path/Frameworks",
				);
				PRODUCT_BUNDLE_IDENTIFIER = com.maxqsoftware.SimplePomodoroUITests;
				PRODUCT_NAME = "$(TARGET_NAME)";
				SWIFT_VERSION = 5.0;
				TARGETED_DEVICE_FAMILY = "1,2";
				TEST_TARGET_NAME = SimplePomodoro;
			};
			name = Release;
		};
/* End XCBuildConfiguration section */

/* Begin XCConfigurationList section */
		7D7D5AE823638D9100B345FB /* Build configuration list for PBXProject "SimplePomodoro" */ = {
			isa = XCConfigurationList;
			buildConfigurations = (
				7D7D5B1523638D9100B345FB /* Debug */,
				7D7D5B1623638D9100B345FB /* Release */,
			);
			defaultConfigurationIsVisible = 0;
			defaultConfigurationName = Release;
		};
		7D7D5B1723638D9100B345FB /* Build configuration list for PBXNativeTarget "SimplePomodoro" */ = {
			isa = XCConfigurationList;
			buildConfigurations = (
				7D7D5B1823638D9100B345FB /* Debug */,
				7D7D5B1923638D9100B345FB /* Release */,
			);
			defaultConfigurationIsVisible = 0;
			defaultConfigurationName = Release;
		};
		7D7D5B1A23638D9100B345FB /* Build configuration list for PBXNativeTarget "SimplePomodoroTests" */ = {
			isa = XCConfigurationList;
			buildConfigurations = (
				7D7D5B1B23638D9100B345FB /* Debug */,
				7D7D5B1C23638D9100B345FB /* Release */,
			);
			defaultConfigurationIsVisible = 0;
			defaultConfigurationName = Release;
		};
		7D7D5B1D23638D9100B345FB /* Build configuration list for PBXNativeTarget "SimplePomodoroUITests" */ = {
			isa = XCConfigurationList;
			buildConfigurations = (
				7D7D5B1E23638D9100B345FB /* Debug */,
				7D7D5B1F23638D9100B345FB /* Release */,
			);
			defaultConfigurationIsVisible = 0;
			defaultConfigurationName = Release;
		};
/* End XCConfigurationList section */
	};
	rootObject = 7D7D5AE523638D9100B345FB /* Project object */;
}
